
Microsoft Visual Studio Solution File, Format Version 12.00
# Visual Studio Version 17
VisualStudioVersion = 17.1.32319.34
MinimumVisualStudioVersion = 10.0.40219.1
Project("{FAE04EC0-301F-11D3-BF4B-00C04F79EFBC}") = "ListaAppuntamenti", "ListaAppuntamenti\ListaAppuntamenti.csproj", "{09461A9B-FA5D-4E9F-963B-B5AB3CE62597}"
EndProject
Global
	GlobalSection(SolutionConfigurationPlatforms) = preSolution
		Debug|Any CPU = Debug|Any CPU
		Release|Any CPU = Release|Any CPU
	EndGlobalSection
	GlobalSection(ProjectConfigurationPlatforms) = postSolution
		{09461A9B-FA5D-4E9F-963B-B5AB3CE62597}.Debug|Any CPU.ActiveCfg = Debug|Any CPU
		{09461A9B-FA5D-4E9F-963B-B5AB3CE62597}.Debug|Any CPU.Build.0 = Debug|Any CPU
		{09461A9B-FA5D-4E9F-963B-B5AB3CE62597}.Release|Any CPU.ActiveCfg = Release|Any CPU
		{09461A9B-FA5D-4E9F-963B-B5AB3CE62597}.Release|Any CPU.Build.0 = Release|Any CPU
	EndGlobalSection
	GlobalSection(SolutionProperties) = preSolution
		HideSolutionNode = FALSE
	EndGlobalSection
	GlobalSection(ExtensibilityGlobals) = postSolution
		SolutionGuid = {644D9BBB-178D-498F-BBA3-0B21AA07C23E}
	EndGlobalSection
EndGlobal
